
Microsoft Visual Studio Solution File, Format Version 12.00
# Visual Studio Version 17
VisualStudioVersion = 17.6.33723.286
MinimumVisualStudioVersion = 10.0.40219.1
Project("{FAE04EC0-301F-11D3-BF4B-00C04F79EFBC}") = "ApiMobile", "ApiMobile\ApiMobile.csproj", "{0740EF4E-5930-4D1A-8A2D-E9857BA641DB}"
EndProject
Global
	GlobalSection(SolutionConfigurationPlatforms) = preSolution
		Debug|Any CPU = Debug|Any CPU
		Release|Any CPU = Release|Any CPU
	EndGlobalSection
	GlobalSection(ProjectConfigurationPlatforms) = postSolution
		{0740EF4E-5930-4D1A-8A2D-E9857BA641DB}.Debug|Any CPU.ActiveCfg = Debug|Any CPU
		{0740EF4E-5930-4D1A-8A2D-E9857BA641DB}.Debug|Any CPU.Build.0 = Debug|Any CPU
		{0740EF4E-5930-4D1A-8A2D-E9857BA641DB}.Release|Any CPU.ActiveCfg = Release|Any CPU
		{0740EF4E-5930-4D1A-8A2D-E9857BA641DB}.Release|Any CPU.Build.0 = Release|Any CPU
	EndGlobalSection
	GlobalSection(SolutionProperties) = preSolution
		HideSolutionNode = FALSE
	EndGlobalSection
	GlobalSection(ExtensibilityGlobals) = postSolution
		SolutionGuid = {993EE0AC-E47F-4232-8D0B-07F812D6FFB3}
	EndGlobalSection
EndGlobal
